
Microsoft Visual Studio Solution File, Format Version 12.00
# Visual Studio Version 17
VisualStudioVersion = 17.5.33627.172
MinimumVisualStudioVersion = 10.0.40219.1
Project("{FAE04EC0-301F-11D3-BF4B-00C04F79EFBC}") = "FaceRecognitionOpenCV", "FaceRecognitionOpenCV.csproj", "{FB6D1B81-21EB-442C-9777-5F19A45D7581}"
EndProject
Global
	GlobalSection(SolutionConfigurationPlatforms) = preSolution
		Debug|Any CPU = Debug|Any CPU
		Release|Any CPU = Release|Any CPU
	EndGlobalSection
	GlobalSection(ProjectConfigurationPlatforms) = postSolution
		{FB6D1B81-21EB-442C-9777-5F19A45D7581}.Debug|Any CPU.ActiveCfg = Debug|Any CPU
		{FB6D1B81-21EB-442C-9777-5F19A45D7581}.Debug|Any CPU.Build.0 = Debug|Any CPU
		{FB6D1B81-21EB-442C-9777-5F19A45D7581}.Release|Any CPU.ActiveCfg = Release|Any CPU
		{FB6D1B81-21EB-442C-9777-5F19A45D7581}.Release|Any CPU.Build.0 = Release|Any CPU
	EndGlobalSection
	GlobalSection(SolutionProperties) = preSolution
		HideSolutionNode = FALSE
	EndGlobalSection
	GlobalSection(ExtensibilityGlobals) = postSolution
		SolutionGuid = {34CDA746-D06E-4472-AE8E-C22383CC093A}
	EndGlobalSection
EndGlobal
